{
    "version": 3,
    "terraform_version": "0.11.5",
    "serial": 3,
    "lineage": "fe998867-e1fd-bd1a-b5bc-398681de10e6",
    "modules": [
        {
            "path": [
                "root"
            ],
            "outputs": {},
            "resources": {
                "aws_default_network_acl.uesr01ncl": {
                    "type": "aws_default_network_acl",
                    "depends_on": [
                        "aws_subnet.user01subnetA",
                        "aws_subnet.user01subnetB",
                        "aws_vpc.user01vpc"
                    ],
                    "primary": {
                        "id": "acl-0ac75f8f57cd81614",
                        "attributes": {
                            "default_network_acl_id": "acl-0ac75f8f57cd81614",
                            "egress.#": "1",
                            "egress.1401401844.action": "allow",
                            "egress.1401401844.cidr_block": "0.0.0.0/0",
                            "egress.1401401844.from_port": "0",
                            "egress.1401401844.icmp_code": "0",
                            "egress.1401401844.icmp_type": "0",
                            "egress.1401401844.ipv6_cidr_block": "",
                            "egress.1401401844.protocol": "-1",
                            "egress.1401401844.rule_no": "100",
                            "egress.1401401844.to_port": "0",
                            "id": "acl-0ac75f8f57cd81614",
                            "ingress.#": "1",
                            "ingress.1401401844.action": "allow",
                            "ingress.1401401844.cidr_block": "0.0.0.0/0",
                            "ingress.1401401844.from_port": "0",
                            "ingress.1401401844.icmp_code": "0",
                            "ingress.1401401844.icmp_type": "0",
                            "ingress.1401401844.ipv6_cidr_block": "",
                            "ingress.1401401844.protocol": "-1",
                            "ingress.1401401844.rule_no": "100",
                            "ingress.1401401844.to_port": "0",
                            "owner_id": "715652651898",
                            "subnet_ids.#": "2",
                            "subnet_ids.683544233": "subnet-01a56890afa3e5ac1",
                            "subnet_ids.822162223": "subnet-0fa008435d47bb336",
                            "tags.%": "0",
                            "vpc_id": "vpc-050dc36c25d77895e"
                        },
                        "meta": {},
                        "tainted": false
                    },
                    "deposed": [],
                    "provider": "provider.aws"
                },
                "aws_default_security_group.user01sg": {
                    "type": "aws_default_security_group",
                    "depends_on": [
                        "aws_vpc.user01vpc"
                    ],
                    "primary": {
                        "id": "sg-092a0243a381cca19",
                        "attributes": {
                            "arn": "arn:aws:ec2:ap-northeast-1:715652651898:security-group/sg-092a0243a381cca19",
                            "egress.#": "1",
                            "egress.482069346.cidr_blocks.#": "1",
                            "egress.482069346.cidr_blocks.0": "0.0.0.0/0",
                            "egress.482069346.description": "",
                            "egress.482069346.from_port": "0",
                            "egress.482069346.ipv6_cidr_blocks.#": "0",
                            "egress.482069346.prefix_list_ids.#": "0",
                            "egress.482069346.protocol": "-1",
                            "egress.482069346.security_groups.#": "0",
                            "egress.482069346.self": "false",
                            "egress.482069346.to_port": "0",
                            "id": "sg-092a0243a381cca19",
                            "ingress.#": "1",
                            "ingress.753360330.cidr_blocks.#": "0",
                            "ingress.753360330.description": "",
                            "ingress.753360330.from_port": "0",
                            "ingress.753360330.ipv6_cidr_blocks.#": "0",
                            "ingress.753360330.prefix_list_ids.#": "0",
                            "ingress.753360330.protocol": "-1",
                            "ingress.753360330.security_groups.#": "0",
                            "ingress.753360330.self": "true",
                            "ingress.753360330.to_port": "0",
                            "name": "default",
                            "owner_id": "715652651898",
                            "revoke_rules_on_delete": "false",
                            "tags.%": "0",
                            "vpc_id": "vpc-050dc36c25d77895e"
                        },
                        "meta": {
                            "e2bfb730-ecaa-11e6-8f88-34363bc7c4c0": {
                                "create": 600000000000,
                                "delete": 600000000000
                            },
                            "schema_version": "1"
                        },
                        "tainted": false
                    },
                    "deposed": [],
                    "provider": "provider.aws"
                },
                "aws_eip.nat_user01_1a": {
                    "type": "aws_eip",
                    "depends_on": [],
                    "primary": {
                        "id": "eipalloc-0317f11cf1dd1109d",
                        "attributes": {
                            "association_id": "eipassoc-0e20ea38e15a75f87",
                            "domain": "vpc",
                            "id": "eipalloc-0317f11cf1dd1109d",
                            "instance": "",
                            "network_interface": "eni-02f477c8937654077",
                            "private_dns": "ip-101-0-1-32.ap-northeast-1.compute.internal",
                            "private_ip": "101.0.1.32",
                            "public_dns": "ec2-13-113-110-78.ap-northeast-1.compute.amazonaws.com",
                            "public_ip": "13.113.110.78",
                            "public_ipv4_pool": "amazon",
                            "tags.%": "0",
                            "vpc": "true"
                        },
                        "meta": {
                            "e2bfb730-ecaa-11e6-8f88-34363bc7c4c0": {
                                "delete": 180000000000,
                                "read": 900000000000,
                                "update": 300000000000
                            }
                        },
                        "tainted": false
                    },
                    "deposed": [],
                    "provider": "provider.aws"
                },
                "aws_eip.nat_user01_1b": {
                    "type": "aws_eip",
                    "depends_on": [],
                    "primary": {
                        "id": "eipalloc-0c0d6104fefe05e15",
                        "attributes": {
                            "association_id": "eipassoc-0ab2c213fc55f264f",
                            "domain": "vpc",
                            "id": "eipalloc-0c0d6104fefe05e15",
                            "instance": "",
                            "network_interface": "eni-023825a6a7e7a26a7",
                            "private_dns": "ip-101-0-2-244.ap-northeast-1.compute.internal",
                            "private_ip": "101.0.2.244",
                            "public_dns": "ec2-54-168-57-234.ap-northeast-1.compute.amazonaws.com",
                            "public_ip": "54.168.57.234",
                            "public_ipv4_pool": "amazon",
                            "tags.%": "0",
                            "vpc": "true"
                        },
                        "meta": {
                            "e2bfb730-ecaa-11e6-8f88-34363bc7c4c0": {
                                "delete": 180000000000,
                                "read": 900000000000,
                                "update": 300000000000
                            }
                        },
                        "tainted": false
                    },
                    "deposed": [],
                    "provider": "provider.aws"
                },
                "aws_instance.instance01": {
                    "type": "aws_instance",
                    "depends_on": [
                        "aws_default_security_group.user01sg",
                        "aws_subnet.user01subnetA"
                    ],
                    "primary": {
                        "id": "i-01ce406ec9afe5b22",
                        "attributes": {
                            "ami": "ami-0c3fd0f5d33134a76",
                            "arn": "arn:aws:ec2:ap-northeast-1:715652651898:instance/i-01ce406ec9afe5b22",
                            "associate_public_ip_address": "true",
                            "availability_zone": "ap-northeast-1a",
                            "cpu_core_count": "1",
                            "cpu_threads_per_core": "1",
                            "credit_specification.#": "1",
                            "credit_specification.0.cpu_credits": "standard",
                            "disable_api_termination": "false",
                            "ebs_block_device.#": "0",
                            "ebs_optimized": "false",
                            "ephemeral_block_device.#": "0",
                            "get_password_data": "false",
                            "iam_instance_profile": "",
                            "id": "i-01ce406ec9afe5b22",
                            "instance_state": "running",
                            "instance_type": "t2.nano",
                            "ipv6_address_count": "0",
                            "ipv6_addresses.#": "0",
                            "key_name": "user01key",
                            "monitoring": "false",
                            "network_interface.#": "0",
                            "password_data": "",
                            "placement_group": "",
                            "primary_network_interface_id": "eni-059cc18a547944fca",
                            "private_dns": "ip-101-0-1-69.ap-northeast-1.compute.internal",
                            "private_ip": "101.0.1.69",
                            "public_dns": "ec2-52-196-145-21.ap-northeast-1.compute.amazonaws.com",
                            "public_ip": "52.196.145.21",
                            "root_block_device.#": "1",
                            "root_block_device.0.delete_on_termination": "true",
                            "root_block_device.0.iops": "100",
                            "root_block_device.0.volume_id": "vol-054b086935b8bf55a",
                            "root_block_device.0.volume_size": "8",
                            "root_block_device.0.volume_type": "gp2",
                            "security_groups.#": "0",
                            "source_dest_check": "true",
                            "subnet_id": "subnet-01a56890afa3e5ac1",
                            "tags.%": "0",
                            "tenancy": "default",
                            "volume_tags.%": "0",
                            "vpc_security_group_ids.#": "1",
                            "vpc_security_group_ids.1461957886": "sg-092a0243a381cca19"
                        },
                        "meta": {
                            "e2bfb730-ecaa-11e6-8f88-34363bc7c4c0": {
                                "create": 600000000000,
                                "delete": 1200000000000,
                                "update": 600000000000
                            },
                            "schema_version": "1"
                        },
                        "tainted": false
                    },
                    "deposed": [],
                    "provider": "provider.aws"
                },
                "aws_instance.instance02": {
                    "type": "aws_instance",
                    "depends_on": [
                        "aws_default_security_group.user01sg",
                        "aws_subnet.user01subnetB"
                    ],
                    "primary": {
                        "id": "i-0a6aa816e54984b15",
                        "attributes": {
                            "ami": "ami-0c3fd0f5d33134a76",
                            "arn": "arn:aws:ec2:ap-northeast-1:715652651898:instance/i-0a6aa816e54984b15",
                            "associate_public_ip_address": "true",
                            "availability_zone": "ap-northeast-1a",
                            "cpu_core_count": "1",
                            "cpu_threads_per_core": "1",
                            "credit_specification.#": "1",
                            "credit_specification.0.cpu_credits": "standard",
                            "disable_api_termination": "false",
                            "ebs_block_device.#": "0",
                            "ebs_optimized": "false",
                            "ephemeral_block_device.#": "0",
                            "get_password_data": "false",
                            "iam_instance_profile": "",
                            "id": "i-0a6aa816e54984b15",
                            "instance_state": "running",
                            "instance_type": "t2.nano",
                            "ipv6_address_count": "0",
                            "ipv6_addresses.#": "0",
                            "key_name": "user01key",
                            "monitoring": "false",
                            "network_interface.#": "0",
                            "password_data": "",
                            "placement_group": "",
                            "primary_network_interface_id": "eni-0ae032da199a3fe0e",
                            "private_dns": "ip-101-0-2-81.ap-northeast-1.compute.internal",
                            "private_ip": "101.0.2.81",
                            "public_dns": "ec2-54-238-171-28.ap-northeast-1.compute.amazonaws.com",
                            "public_ip": "54.238.171.28",
                            "root_block_device.#": "1",
                            "root_block_device.0.delete_on_termination": "true",
                            "root_block_device.0.iops": "100",
                            "root_block_device.0.volume_id": "vol-02414f70e1e6a65d1",
                            "root_block_device.0.volume_size": "8",
                            "root_block_device.0.volume_type": "gp2",
                            "security_groups.#": "0",
                            "source_dest_check": "true",
                            "subnet_id": "subnet-0fa008435d47bb336",
                            "tags.%": "0",
                            "tenancy": "default",
                            "volume_tags.%": "0",
                            "vpc_security_group_ids.#": "1",
                            "vpc_security_group_ids.1461957886": "sg-092a0243a381cca19"
                        },
                        "meta": {
                            "e2bfb730-ecaa-11e6-8f88-34363bc7c4c0": {
                                "create": 600000000000,
                                "delete": 1200000000000,
                                "update": 600000000000
                            },
                            "schema_version": "1"
                        },
                        "tainted": false
                    },
                    "deposed": [],
                    "provider": "provider.aws"
                },
                "aws_internet_gateway.user01igw": {
                    "type": "aws_internet_gateway",
                    "depends_on": [
                        "aws_vpc.user01vpc"
                    ],
                    "primary": {
                        "id": "igw-0d53ece182427741f",
                        "attributes": {
                            "id": "igw-0d53ece182427741f",
                            "owner_id": "715652651898",
                            "tags.%": "0",
                            "vpc_id": "vpc-050dc36c25d77895e"
                        },
                        "meta": {},
                        "tainted": false
                    },
                    "deposed": [],
                    "provider": "provider.aws"
                },
                "aws_nat_gateway.user01ngwA": {
                    "type": "aws_nat_gateway",
                    "depends_on": [
                        "aws_eip.nat_user01_1a",
                        "aws_subnet.user01subnetA"
                    ],
                    "primary": {
                        "id": "nat-0008569b2bad85f0b",
                        "attributes": {
                            "allocation_id": "eipalloc-0317f11cf1dd1109d",
                            "id": "nat-0008569b2bad85f0b",
                            "network_interface_id": "eni-02f477c8937654077",
                            "private_ip": "101.0.1.32",
                            "public_ip": "13.113.110.78",
                            "subnet_id": "subnet-01a56890afa3e5ac1",
                            "tags.%": "0"
                        },
                        "meta": {},
                        "tainted": false
                    },
                    "deposed": [],
                    "provider": "provider.aws"
                },
                "aws_nat_gateway.user01ngwB": {
                    "type": "aws_nat_gateway",
                    "depends_on": [
                        "aws_eip.nat_user01_1b",
                        "aws_subnet.user01subnetB"
                    ],
                    "primary": {
                        "id": "nat-0c6ee56e3c41a88b9",
                        "attributes": {
                            "allocation_id": "eipalloc-0c0d6104fefe05e15",
                            "id": "nat-0c6ee56e3c41a88b9",
                            "network_interface_id": "eni-023825a6a7e7a26a7",
                            "private_ip": "101.0.2.244",
                            "public_ip": "54.168.57.234",
                            "subnet_id": "subnet-0fa008435d47bb336",
                            "tags.%": "0"
                        },
                        "meta": {},
                        "tainted": false
                    },
                    "deposed": [],
                    "provider": "provider.aws"
                },
                "aws_route_table.user01rt": {
                    "type": "aws_route_table",
                    "depends_on": [
                        "aws_internet_gateway.user01igw",
                        "aws_vpc.user01vpc"
                    ],
                    "primary": {
                        "id": "rtb-0abdc40b6f28e627e",
                        "attributes": {
                            "id": "rtb-0abdc40b6f28e627e",
                            "owner_id": "715652651898",
                            "propagating_vgws.#": "0",
                            "route.#": "1",
                            "route.2316939028.cidr_block": "0.0.0.0/0",
                            "route.2316939028.egress_only_gateway_id": "",
                            "route.2316939028.gateway_id": "igw-0d53ece182427741f",
                            "route.2316939028.instance_id": "",
                            "route.2316939028.ipv6_cidr_block": "",
                            "route.2316939028.nat_gateway_id": "",
                            "route.2316939028.network_interface_id": "",
                            "route.2316939028.transit_gateway_id": "",
                            "route.2316939028.vpc_peering_connection_id": "",
                            "tags.%": "0",
                            "vpc_id": "vpc-050dc36c25d77895e"
                        },
                        "meta": {},
                        "tainted": false
                    },
                    "deposed": [],
                    "provider": "provider.aws"
                },
                "aws_route_table_association.uesr01rtassociationa": {
                    "type": "aws_route_table_association",
                    "depends_on": [
                        "aws_route_table.user01rt",
                        "aws_subnet.user01subnetA"
                    ],
                    "primary": {
                        "id": "rtbassoc-0787a66bfd3877911",
                        "attributes": {
                            "id": "rtbassoc-0787a66bfd3877911",
                            "route_table_id": "rtb-0abdc40b6f28e627e",
                            "subnet_id": "subnet-01a56890afa3e5ac1"
                        },
                        "meta": {},
                        "tainted": false
                    },
                    "deposed": [],
                    "provider": "provider.aws"
                },
                "aws_route_table_association.user01rtassociationb": {
                    "type": "aws_route_table_association",
                    "depends_on": [
                        "aws_route_table.user01rt",
                        "aws_subnet.user01subnetB"
                    ],
                    "primary": {
                        "id": "rtbassoc-036fef6a04c00a6a6",
                        "attributes": {
                            "id": "rtbassoc-036fef6a04c00a6a6",
                            "route_table_id": "rtb-0abdc40b6f28e627e",
                            "subnet_id": "subnet-0fa008435d47bb336"
                        },
                        "meta": {},
                        "tainted": false
                    },
                    "deposed": [],
                    "provider": "provider.aws"
                },
                "aws_subnet.user01subnetA": {
                    "type": "aws_subnet",
                    "depends_on": [
                        "aws_vpc.user01vpc"
                    ],
                    "primary": {
                        "id": "subnet-01a56890afa3e5ac1",
                        "attributes": {
                            "arn": "arn:aws:ec2:ap-northeast-1:715652651898:subnet/subnet-01a56890afa3e5ac1",
                            "assign_ipv6_address_on_creation": "false",
                            "availability_zone": "ap-northeast-1a",
                            "availability_zone_id": "apne1-az4",
                            "cidr_block": "101.0.1.0/24",
                            "id": "subnet-01a56890afa3e5ac1",
                            "ipv6_cidr_block": "",
                            "ipv6_cidr_block_association_id": "",
                            "map_public_ip_on_launch": "false",
                            "owner_id": "715652651898",
                            "tags.%": "0",
                            "vpc_id": "vpc-050dc36c25d77895e"
                        },
                        "meta": {
                            "e2bfb730-ecaa-11e6-8f88-34363bc7c4c0": {
                                "create": 600000000000,
                                "delete": 1200000000000
                            },
                            "schema_version": "1"
                        },
                        "tainted": false
                    },
                    "deposed": [],
                    "provider": "provider.aws"
                },
                "aws_subnet.user01subnetB": {
                    "type": "aws_subnet",
                    "depends_on": [
                        "aws_vpc.user01vpc"
                    ],
                    "primary": {
                        "id": "subnet-0fa008435d47bb336",
                        "attributes": {
                            "arn": "arn:aws:ec2:ap-northeast-1:715652651898:subnet/subnet-0fa008435d47bb336",
                            "assign_ipv6_address_on_creation": "false",
                            "availability_zone": "ap-northeast-1a",
                            "availability_zone_id": "apne1-az4",
                            "cidr_block": "101.0.2.0/24",
                            "id": "subnet-0fa008435d47bb336",
                            "ipv6_cidr_block": "",
                            "ipv6_cidr_block_association_id": "",
                            "map_public_ip_on_launch": "false",
                            "owner_id": "715652651898",
                            "tags.%": "0",
                            "vpc_id": "vpc-050dc36c25d77895e"
                        },
                        "meta": {
                            "e2bfb730-ecaa-11e6-8f88-34363bc7c4c0": {
                                "create": 600000000000,
                                "delete": 1200000000000
                            },
                            "schema_version": "1"
                        },
                        "tainted": false
                    },
                    "deposed": [],
                    "provider": "provider.aws"
                },
                "aws_vpc.user01vpc": {
                    "type": "aws_vpc",
                    "depends_on": [],
                    "primary": {
                        "id": "vpc-050dc36c25d77895e",
                        "attributes": {
                            "arn": "arn:aws:ec2:ap-northeast-1:715652651898:vpc/vpc-050dc36c25d77895e",
                            "assign_generated_ipv6_cidr_block": "false",
                            "cidr_block": "101.0.0.0/16",
                            "default_network_acl_id": "acl-0ac75f8f57cd81614",
                            "default_route_table_id": "rtb-0748a9d7ff929ff4c",
                            "default_security_group_id": "sg-092a0243a381cca19",
                            "dhcp_options_id": "dopt-0d9c2be86ee4efa1b",
                            "enable_classiclink": "false",
                            "enable_classiclink_dns_support": "false",
                            "enable_dns_hostnames": "true",
                            "enable_dns_support": "true",
                            "id": "vpc-050dc36c25d77895e",
                            "instance_tenancy": "default",
                            "ipv6_association_id": "",
                            "ipv6_cidr_block": "",
                            "main_route_table_id": "rtb-0748a9d7ff929ff4c",
                            "owner_id": "715652651898",
                            "tags.%": "0"
                        },
                        "meta": {
                            "schema_version": "1"
                        },
                        "tainted": false
                    },
                    "deposed": [],
                    "provider": "provider.aws"
                }
            },
            "depends_on": []
        }
    ]
}
